
Microsoft Visual Studio Solution File, Format Version 12.00
# Visual Studio 15
VisualStudioVersion = 15.0.28010.2026
MinimumVisualStudioVersion = 10.0.40219.1
Project("{FAE04EC0-301F-11D3-BF4B-00C04F79EFBC}") = "Caro", "Caro\Caro.csproj", "{DFCAD261-9A55-492E-AD34-EF6237D6D463}"
EndProject
Global
	GlobalSection(SolutionConfigurationPlatforms) = preSolution
		Debug|Any CPU = Debug|Any CPU
		Release|Any CPU = Release|Any CPU
	EndGlobalSection
	GlobalSection(ProjectConfigurationPlatforms) = postSolution
		{DFCAD261-9A55-492E-AD34-EF6237D6D463}.Debug|Any CPU.ActiveCfg = Debug|Any CPU
		{DFCAD261-9A55-492E-AD34-EF6237D6D463}.Debug|Any CPU.Build.0 = Debug|Any CPU
		{DFCAD261-9A55-492E-AD34-EF6237D6D463}.Release|Any CPU.ActiveCfg = Release|Any CPU
		{DFCAD261-9A55-492E-AD34-EF6237D6D463}.Release|Any CPU.Build.0 = Release|Any CPU
	EndGlobalSection
	GlobalSection(SolutionProperties) = preSolution
		HideSolutionNode = FALSE
	EndGlobalSection
	GlobalSection(ExtensibilityGlobals) = postSolution
		SolutionGuid = {F761CEE3-E401-47A5-9E40-560FBBD73FBA}
	EndGlobalSection
EndGlobal
